
Microsoft Visual Studio Solution File, Format Version 12.00
# Visual Studio Version 16
VisualStudioVersion = 16.0.30517.126
MinimumVisualStudioVersion = 10.0.40219.1
Project("{FAE04EC0-301F-11D3-BF4B-00C04F79EFBC}") = "CognitoLogin.Android", "App1.Android\CognitoLogin.Android.csproj", "{5C299873-C211-4B60-AD95-AAE510B94FA0}"
EndProject
Project("{FAE04EC0-301F-11D3-BF4B-00C04F79EFBC}") = "CognitoLogin.iOS", "App1.iOS\CognitoLogin.iOS.csproj", "{C829D632-902D-49AD-B924-BC3A45EC9F5C}"
EndProject
Project("{9A19103F-16F7-4668-BE54-9A1E7A4F7556}") = "CognitoLogin", "App1\CognitoLogin.csproj", "{7AC06846-D6C4-418B-B1D6-592786DEFA58}"
EndProject
Global
	GlobalSection(SolutionConfigurationPlatforms) = preSolution
		Debug|Any CPU = Debug|Any CPU
		Debug|iPhone = Debug|iPhone
		Debug|iPhoneSimulator = Debug|iPhoneSimulator
		Release|Any CPU = Release|Any CPU
		Release|iPhone = Release|iPhone
		Release|iPhoneSimulator = Release|iPhoneSimulator
	EndGlobalSection
	GlobalSection(ProjectConfigurationPlatforms) = postSolution
		{5C299873-C211-4B60-AD95-AAE510B94FA0}.Debug|Any CPU.ActiveCfg = Debug|Any CPU
		{5C299873-C211-4B60-AD95-AAE510B94FA0}.Debug|Any CPU.Build.0 = Debug|Any CPU
		{5C299873-C211-4B60-AD95-AAE510B94FA0}.Debug|Any CPU.Deploy.0 = Debug|Any CPU
		{5C299873-C211-4B60-AD95-AAE510B94FA0}.Debug|iPhone.ActiveCfg = Debug|Any CPU
		{5C299873-C211-4B60-AD95-AAE510B94FA0}.Debug|iPhone.Build.0 = Debug|Any CPU
		{5C299873-C211-4B60-AD95-AAE510B94FA0}.Debug|iPhone.Deploy.0 = Debug|Any CPU
		{5C299873-C211-4B60-AD95-AAE510B94FA0}.Debug|iPhoneSimulator.ActiveCfg = Debug|Any CPU
		{5C299873-C211-4B60-AD95-AAE510B94FA0}.Debug|iPhoneSimulator.Build.0 = Debug|Any CPU
		{5C299873-C211-4B60-AD95-AAE510B94FA0}.Debug|iPhoneSimulator.Deploy.0 = Debug|Any CPU
		{5C299873-C211-4B60-AD95-AAE510B94FA0}.Release|Any CPU.ActiveCfg = Release|Any CPU
		{5C299873-C211-4B60-AD95-AAE510B94FA0}.Release|Any CPU.Build.0 = Release|Any CPU
		{5C299873-C211-4B60-AD95-AAE510B94FA0}.Release|Any CPU.Deploy.0 = Release|Any CPU
		{5C299873-C211-4B60-AD95-AAE510B94FA0}.Release|iPhone.ActiveCfg = Release|Any CPU
		{5C299873-C211-4B60-AD95-AAE510B94FA0}.Release|iPhone.Build.0 = Release|Any CPU
		{5C299873-C211-4B60-AD95-AAE510B94FA0}.Release|iPhone.Deploy.0 = Release|Any CPU
		{5C299873-C211-4B60-AD95-AAE510B94FA0}.Release|iPhoneSimulator.ActiveCfg = Release|Any CPU
		{5C299873-C211-4B60-AD95-AAE510B94FA0}.Release|iPhoneSimulator.Build.0 = Release|Any CPU
		{5C299873-C211-4B60-AD95-AAE510B94FA0}.Release|iPhoneSimulator.Deploy.0 = Release|Any CPU
		{C829D632-902D-49AD-B924-BC3A45EC9F5C}.Debug|Any CPU.ActiveCfg = Debug|iPhone
		{C829D632-902D-49AD-B924-BC3A45EC9F5C}.Debug|Any CPU.Build.0 = Debug|iPhone
		{C829D632-902D-49AD-B924-BC3A45EC9F5C}.Debug|Any CPU.Deploy.0 = Debug|iPhone
		{C829D632-902D-49AD-B924-BC3A45EC9F5C}.Debug|iPhone.ActiveCfg = Debug|iPhone
		{C829D632-902D-49AD-B924-BC3A45EC9F5C}.Debug|iPhone.Build.0 = Debug|iPhone
		{C829D632-902D-49AD-B924-BC3A45EC9F5C}.Debug|iPhone.Deploy.0 = Debug|iPhone
		{C829D632-902D-49AD-B924-BC3A45EC9F5C}.Debug|iPhoneSimulator.ActiveCfg = Debug|iPhoneSimulator
		{C829D632-902D-49AD-B924-BC3A45EC9F5C}.Debug|iPhoneSimulator.Build.0 = Debug|iPhoneSimulator
		{C829D632-902D-49AD-B924-BC3A45EC9F5C}.Debug|iPhoneSimulator.Deploy.0 = Debug|iPhoneSimulator
		{C829D632-902D-49AD-B924-BC3A45EC9F5C}.Release|Any CPU.ActiveCfg = Release|iPhoneSimulator
		{C829D632-902D-49AD-B924-BC3A45EC9F5C}.Release|Any CPU.Build.0 = Release|iPhoneSimulator
		{C829D632-902D-49AD-B924-BC3A45EC9F5C}.Release|Any CPU.Deploy.0 = Release|iPhoneSimulator
		{C829D632-902D-49AD-B924-BC3A45EC9F5C}.Release|iPhone.ActiveCfg = Release|iPhone
		{C829D632-902D-49AD-B924-BC3A45EC9F5C}.Release|iPhone.Build.0 = Release|iPhone
		{C829D632-902D-49AD-B924-BC3A45EC9F5C}.Release|iPhone.Deploy.0 = Release|iPhone
		{C829D632-902D-49AD-B924-BC3A45EC9F5C}.Release|iPhoneSimulator.ActiveCfg = Release|iPhoneSimulator
		{C829D632-902D-49AD-B924-BC3A45EC9F5C}.Release|iPhoneSimulator.Build.0 = Release|iPhoneSimulator
		{C829D632-902D-49AD-B924-BC3A45EC9F5C}.Release|iPhoneSimulator.Deploy.0 = Release|iPhoneSimulator
		{7AC06846-D6C4-418B-B1D6-592786DEFA58}.Debug|Any CPU.ActiveCfg = Debug|Any CPU
		{7AC06846-D6C4-418B-B1D6-592786DEFA58}.Debug|Any CPU.Build.0 = Debug|Any CPU
		{7AC06846-D6C4-418B-B1D6-592786DEFA58}.Debug|Any CPU.Deploy.0 = Debug|Any CPU
		{7AC06846-D6C4-418B-B1D6-592786DEFA58}.Debug|iPhone.ActiveCfg = Debug|Any CPU
		{7AC06846-D6C4-418B-B1D6-592786DEFA58}.Debug|iPhone.Build.0 = Debug|Any CPU
		{7AC06846-D6C4-418B-B1D6-592786DEFA58}.Debug|iPhone.Deploy.0 = Debug|Any CPU
		{7AC06846-D6C4-418B-B1D6-592786DEFA58}.Debug|iPhoneSimulator.ActiveCfg = Debug|Any CPU
		{7AC06846-D6C4-418B-B1D6-592786DEFA58}.Debug|iPhoneSimulator.Build.0 = Debug|Any CPU
		{7AC06846-D6C4-418B-B1D6-592786DEFA58}.Debug|iPhoneSimulator.Deploy.0 = Debug|Any CPU
		{7AC06846-D6C4-418B-B1D6-592786DEFA58}.Release|Any CPU.ActiveCfg = Release|Any CPU
		{7AC06846-D6C4-418B-B1D6-592786DEFA58}.Release|Any CPU.Build.0 = Release|Any CPU
		{7AC06846-D6C4-418B-B1D6-592786DEFA58}.Release|Any CPU.Deploy.0 = Release|Any CPU
		{7AC06846-D6C4-418B-B1D6-592786DEFA58}.Release|iPhone.ActiveCfg = Release|Any CPU
		{7AC06846-D6C4-418B-B1D6-592786DEFA58}.Release|iPhone.Build.0 = Release|Any CPU
		{7AC06846-D6C4-418B-B1D6-592786DEFA58}.Release|iPhone.Deploy.0 = Release|Any CPU
		{7AC06846-D6C4-418B-B1D6-592786DEFA58}.Release|iPhoneSimulator.ActiveCfg = Release|Any CPU
		{7AC06846-D6C4-418B-B1D6-592786DEFA58}.Release|iPhoneSimulator.Build.0 = Release|Any CPU
		{7AC06846-D6C4-418B-B1D6-592786DEFA58}.Release|iPhoneSimulator.Deploy.0 = Release|Any CPU
	EndGlobalSection
	GlobalSection(SolutionProperties) = preSolution
		HideSolutionNode = FALSE
	EndGlobalSection
	GlobalSection(ExtensibilityGlobals) = postSolution
		SolutionGuid = {C5392280-0DD3-4031-8D58-68A9F9E5A104}
	EndGlobalSection
EndGlobal
